
Microsoft Visual Studio Solution File, Format Version 12.00
# Visual Studio Version 16
VisualStudioVersion = 16.0.29424.173
MinimumVisualStudioVersion = 10.0.40219.1
Project("{FAE04EC0-301F-11D3-BF4B-00C04F79EFBC}") = "LoginPass", "LoginPass\LoginPass.csproj", "{8E790EBD-B314-40E9-A45B-3EA84F0A1F0D}"
EndProject
Global
	GlobalSection(SolutionConfigurationPlatforms) = preSolution
		Debug|Any CPU = Debug|Any CPU
		Release|Any CPU = Release|Any CPU
	EndGlobalSection
	GlobalSection(ProjectConfigurationPlatforms) = postSolution
		{8E790EBD-B314-40E9-A45B-3EA84F0A1F0D}.Debug|Any CPU.ActiveCfg = Debug|Any CPU
		{8E790EBD-B314-40E9-A45B-3EA84F0A1F0D}.Debug|Any CPU.Build.0 = Debug|Any CPU
		{8E790EBD-B314-40E9-A45B-3EA84F0A1F0D}.Release|Any CPU.ActiveCfg = Release|Any CPU
		{8E790EBD-B314-40E9-A45B-3EA84F0A1F0D}.Release|Any CPU.Build.0 = Release|Any CPU
	EndGlobalSection
	GlobalSection(SolutionProperties) = preSolution
		HideSolutionNode = FALSE
	EndGlobalSection
	GlobalSection(ExtensibilityGlobals) = postSolution
		SolutionGuid = {FDAFD7A6-A15C-4D95-9DF7-D049CD95FCF8}
	EndGlobalSection
EndGlobal
