
Microsoft Visual Studio Solution File, Format Version 12.00
# Visual Studio Version 16
VisualStudioVersion = 16.0.29424.173
MinimumVisualStudioVersion = 10.0.40219.1
Project("{FAE04EC0-301F-11D3-BF4B-00C04F79EFBC}") = "VIN_LIB", "VIN_LIB\VIN_LIB.csproj", "{EAE57234-21EB-410E-AB47-23209EE4F540}"
EndProject
Global
	GlobalSection(SolutionConfigurationPlatforms) = preSolution
		Debug|Any CPU = Debug|Any CPU
		Release|Any CPU = Release|Any CPU
	EndGlobalSection
	GlobalSection(ProjectConfigurationPlatforms) = postSolution
		{EAE57234-21EB-410E-AB47-23209EE4F540}.Debug|Any CPU.ActiveCfg = Debug|Any CPU
		{EAE57234-21EB-410E-AB47-23209EE4F540}.Debug|Any CPU.Build.0 = Debug|Any CPU
		{EAE57234-21EB-410E-AB47-23209EE4F540}.Release|Any CPU.ActiveCfg = Release|Any CPU
		{EAE57234-21EB-410E-AB47-23209EE4F540}.Release|Any CPU.Build.0 = Release|Any CPU
	EndGlobalSection
	GlobalSection(SolutionProperties) = preSolution
		HideSolutionNode = FALSE
	EndGlobalSection
	GlobalSection(ExtensibilityGlobals) = postSolution
		SolutionGuid = {B346BACD-8605-4941-AD07-789435A2745C}
	EndGlobalSection
EndGlobal
